
Microsoft Visual Studio Solution File, Format Version 12.00
# Visual Studio Version 17
VisualStudioVersion = 17.4.33213.308
MinimumVisualStudioVersion = 10.0.40219.1
Project("{FAE04EC0-301F-11D3-BF4B-00C04F79EFBC}") = "AsyncFitness.Api", "AsyncFitness\Api\AsyncFitness.Api.csproj", "{F7C97037-08E9-4EA5-95F9-BE0FEBB78E99}"
EndProject
Project("{FAE04EC0-301F-11D3-BF4B-00C04F79EFBC}") = "AsyncFitness.Client", "AsyncFitness\Client\AsyncFitness.Client.csproj", "{5896B3D7-1F6F-4EA0-9759-B8D6FB8EA0E9}"
EndProject
Project("{FAE04EC0-301F-11D3-BF4B-00C04F79EFBC}") = "AsyncFitness.Shared", "AsyncFitness\Shared\AsyncFitness.Shared.csproj", "{56415895-0F9B-488D-BF3C-049E4CA52E95}"
EndProject
Global
	GlobalSection(SolutionConfigurationPlatforms) = preSolution
		Debug|Any CPU = Debug|Any CPU
		Release|Any CPU = Release|Any CPU
	EndGlobalSection
	GlobalSection(ProjectConfigurationPlatforms) = postSolution
		{F7C97037-08E9-4EA5-95F9-BE0FEBB78E99}.Debug|Any CPU.ActiveCfg = Debug|Any CPU
		{F7C97037-08E9-4EA5-95F9-BE0FEBB78E99}.Debug|Any CPU.Build.0 = Debug|Any CPU
		{F7C97037-08E9-4EA5-95F9-BE0FEBB78E99}.Release|Any CPU.ActiveCfg = Release|Any CPU
		{F7C97037-08E9-4EA5-95F9-BE0FEBB78E99}.Release|Any CPU.Build.0 = Release|Any CPU
		{5896B3D7-1F6F-4EA0-9759-B8D6FB8EA0E9}.Debug|Any CPU.ActiveCfg = Debug|Any CPU
		{5896B3D7-1F6F-4EA0-9759-B8D6FB8EA0E9}.Debug|Any CPU.Build.0 = Debug|Any CPU
		{5896B3D7-1F6F-4EA0-9759-B8D6FB8EA0E9}.Release|Any CPU.ActiveCfg = Release|Any CPU
		{5896B3D7-1F6F-4EA0-9759-B8D6FB8EA0E9}.Release|Any CPU.Build.0 = Release|Any CPU
		{56415895-0F9B-488D-BF3C-049E4CA52E95}.Debug|Any CPU.ActiveCfg = Debug|Any CPU
		{56415895-0F9B-488D-BF3C-049E4CA52E95}.Debug|Any CPU.Build.0 = Debug|Any CPU
		{56415895-0F9B-488D-BF3C-049E4CA52E95}.Release|Any CPU.ActiveCfg = Release|Any CPU
		{56415895-0F9B-488D-BF3C-049E4CA52E95}.Release|Any CPU.Build.0 = Release|Any CPU
	EndGlobalSection
	GlobalSection(SolutionProperties) = preSolution
		HideSolutionNode = FALSE
	EndGlobalSection
	GlobalSection(ExtensibilityGlobals) = postSolution
		SolutionGuid = {39B0339D-BF66-42D9-AAD9-934133386398}
	EndGlobalSection
EndGlobal
